
Microsoft Visual Studio Solution File, Format Version 12.00
# Visual Studio Version 17
VisualStudioVersion = 17.14.36109.1 d17.14
MinimumVisualStudioVersion = 10.0.40219.1
Project("{FAE04EC0-301F-11D3-BF4B-00C04F79EFBC}") = "ConsumeApi", "ConsumeApi\ConsumeApi.csproj", "{20642BD5-0FA1-477A-B424-C81BDEE9092D}"
EndProject
Global
	GlobalSection(SolutionConfigurationPlatforms) = preSolution
		Debug|Any CPU = Debug|Any CPU
		Release|Any CPU = Release|Any CPU
	EndGlobalSection
	GlobalSection(ProjectConfigurationPlatforms) = postSolution
		{20642BD5-0FA1-477A-B424-C81BDEE9092D}.Debug|Any CPU.ActiveCfg = Debug|Any CPU
		{20642BD5-0FA1-477A-B424-C81BDEE9092D}.Debug|Any CPU.Build.0 = Debug|Any CPU
		{20642BD5-0FA1-477A-B424-C81BDEE9092D}.Debug|Any CPU.Deploy.0 = Debug|Any CPU
		{20642BD5-0FA1-477A-B424-C81BDEE9092D}.Release|Any CPU.ActiveCfg = Release|Any CPU
		{20642BD5-0FA1-477A-B424-C81BDEE9092D}.Release|Any CPU.Build.0 = Release|Any CPU
		{20642BD5-0FA1-477A-B424-C81BDEE9092D}.Release|Any CPU.Deploy.0 = Release|Any CPU
	EndGlobalSection
	GlobalSection(SolutionProperties) = preSolution
		HideSolutionNode = FALSE
	EndGlobalSection
	GlobalSection(ExtensibilityGlobals) = postSolution
		SolutionGuid = {93213D8D-A143-405B-AE83-1B9B613A62F4}
	EndGlobalSection
EndGlobal
